Microsoft Visual Studio Solution File, Format Version 12.00
# Visual Studio 2012
Project("{8BC9CEB8-8B4A-11D0-8D11-00A0C91BC942}") = "plink", "plink\plink.vcxproj", "{4478087b-1dc8-4c3e-b624-13661de1947e}"
EndProject
Project("{8BC9CEB8-8B4A-11D0-8D11-00A0C91BC942}") = "pscp", "pscp\pscp.vcxproj", "{26d200f3-250a-494f-aaa4-c992ec4345aa}"
EndProject
Project("{8BC9CEB8-8B4A-11D0-8D11-00A0C91BC942}") = "psftp", "psftp\psftp.vcxproj", "{3caa8123-13fe-450d-bfe7-fcda524d6830}"
EndProject
Project("{8BC9CEB8-8B4A-11D0-8D11-00A0C91BC942}") = "putty", "putty\putty.vcxproj", "{8f44624a-d188-4188-b9aa-5f99f20723e1}"
EndProject
Global
    GlobalSection(SolutionConfigurationPlatforms) = preSolution
        Debug|Win32 = Debug|Win32
        Release|Win32 = Release|Win32
    EndGlobalSection
    GlobalSection(ProjectConfigurationPlatforms) = postSolution
        {8f44624a-d188-4188-b9aa-5f99f20723e1}.Debug|Win32.ActiveCfg = Debug|Win32
        {8f44624a-d188-4188-b9aa-5f99f20723e1}.Debug|Win32.Build.0 = Debug|Win32
        {8f44624a-d188-4188-b9aa-5f99f20723e1}.Release|Win32.ActiveCfg = Release|Win32
        {8f44624a-d188-4188-b9aa-5f99f20723e1}.Release|Win32.Build.0 = Release|Win32
        {3caa8123-13fe-450d-bfe7-fcda524d6830}.Debug|Win32.ActiveCfg = Debug|Win32
        {3caa8123-13fe-450d-bfe7-fcda524d6830}.Debug|Win32.Build.0 = Debug|Win32
        {3caa8123-13fe-450d-bfe7-fcda524d6830}.Release|Win32.ActiveCfg = Release|Win32
        {3caa8123-13fe-450d-bfe7-fcda524d6830}.Release|Win32.Build.0 = Release|Win32
        {4478087b-1dc8-4c3e-b624-13661de1947e}.Debug|Win32.ActiveCfg = Debug|Win32
        {4478087b-1dc8-4c3e-b624-13661de1947e}.Debug|Win32.Build.0 = Debug|Win32
        {4478087b-1dc8-4c3e-b624-13661de1947e}.Release|Win32.ActiveCfg = Release|Win32
        {4478087b-1dc8-4c3e-b624-13661de1947e}.Release|Win32.Build.0 = Release|Win32
        {26d200f3-250a-494f-aaa4-c992ec4345aa}.Debug|Win32.ActiveCfg = Debug|Win32
        {26d200f3-250a-494f-aaa4-c992ec4345aa}.Debug|Win32.Build.0 = Debug|Win32
        {26d200f3-250a-494f-aaa4-c992ec4345aa}.Release|Win32.ActiveCfg = Release|Win32
        {26d200f3-250a-494f-aaa4-c992ec4345aa}.Release|Win32.Build.0 = Release|Win32
    EndGlobalSection
    GlobalSection(SolutionProperties) = preSolution
        HideSolutionNode = FALSE
    EndGlobalSection
EndGlobal
