
Microsoft Visual Studio Solution File, Format Version 10.00
# Visual Studio 2008
Project("{8BC9CEB8-8B4A-11D0-8D11-00A0C91BC942}") = "putty", "putty/putty.vcproj", "{940EEB0F-2985-4A14-AD13-FF7C46949D4B}"
EndProject
Project("{8BC9CEB8-8B4A-11D0-8D11-00A0C91BC942}") = "psftp", "psftp\psftp.vcproj", "{0B98BFFC-B871-423B-A9FC-D61F26E2C7E9}"
EndProject
Project("{8BC9CEB8-8B4A-11D0-8D11-00A0C91BC942}") = "pageant", "pageant\pageant.vcproj", "{23D6F8E3-CB08-4079-958C-8247257593EE}"
EndProject
Project("{8BC9CEB8-8B4A-11D0-8D11-00A0C91BC942}") = "plink", "plink\plink.vcproj", "{3611DEFB-B349-4080-9578-391DD1D97AE7}"
EndProject
Global
	GlobalSection(SolutionConfigurationPlatforms) = preSolution
		Debug|Win32 = Debug|Win32
		Release|Win32 = Release|Win32
	EndGlobalSection
	GlobalSection(ProjectConfigurationPlatforms) = postSolution
		{940EEB0F-2985-4A14-AD13-FF7C46949D4B}.Debug|Win32.ActiveCfg = Debug|Win32
		{940EEB0F-2985-4A14-AD13-FF7C46949D4B}.Debug|Win32.Build.0 = Debug|Win32
		{940EEB0F-2985-4A14-AD13-FF7C46949D4B}.Release|Win32.ActiveCfg = Release|Win32
		{940EEB0F-2985-4A14-AD13-FF7C46949D4B}.Release|Win32.Build.0 = Release|Win32
		{0B98BFFC-B871-423B-A9FC-D61F26E2C7E9}.Debug|Win32.ActiveCfg = Debug|Win32
		{0B98BFFC-B871-423B-A9FC-D61F26E2C7E9}.Debug|Win32.Build.0 = Debug|Win32
		{0B98BFFC-B871-423B-A9FC-D61F26E2C7E9}.Release|Win32.ActiveCfg = Release|Win32
		{0B98BFFC-B871-423B-A9FC-D61F26E2C7E9}.Release|Win32.Build.0 = Release|Win32
		{23D6F8E3-CB08-4079-958C-8247257593EE}.Debug|Win32.ActiveCfg = Debug|Win32
		{23D6F8E3-CB08-4079-958C-8247257593EE}.Debug|Win32.Build.0 = Debug|Win32
		{23D6F8E3-CB08-4079-958C-8247257593EE}.Release|Win32.ActiveCfg = Release|Win32
		{23D6F8E3-CB08-4079-958C-8247257593EE}.Release|Win32.Build.0 = Release|Win32
		{3611DEFB-B349-4080-9578-391DD1D97AE7}.Debug|Win32.ActiveCfg = Debug|Win32
		{3611DEFB-B349-4080-9578-391DD1D97AE7}.Debug|Win32.Build.0 = Debug|Win32
		{3611DEFB-B349-4080-9578-391DD1D97AE7}.Release|Win32.ActiveCfg = Release|Win32
		{3611DEFB-B349-4080-9578-391DD1D97AE7}.Release|Win32.Build.0 = Release|Win32
	EndGlobalSection
	GlobalSection(SolutionProperties) = preSolution
		HideSolutionNode = FALSE
	EndGlobalSection
EndGlobal
